// !$*UTF8*$!
{
	archiveVersion = 1;
	classes = {
	};
	objectVersion = 46;
	objects = {

/* Begin PBXBuildFile section */
		022437421D245F4500960BFF /* ReactiveReachability.h in Headers */ = {isa = PBXBuildFile; fileRef = 022437411D245F4500960BFF /* ReactiveReachability.h */; settings = {ATTRIBUTES = (Public, ); }; };
		022437491D245F4500960BFF /* ReactiveReachability.framework in Frameworks */ = {isa = PBXBuildFile; fileRef = 0224373E1D245F4500960BFF /* ReactiveReachability.framework */; };
		0224374E1D245F4500960BFF /* ReactiveReachabilityTests.swift in Sources */ = {isa = PBXBuildFile; fileRef = 0224374D1D245F4500960BFF /* ReactiveReachabilityTests.swift */; };
		0224375B1D245F5600960BFF /* Cartfile in Resources */ = {isa = PBXBuildFile; fileRef = 0224375A1D245F5600960BFF /* Cartfile */; };
		0224375D1D245F6700960BFF /* ReactiveReachability.swift in Sources */ = {isa = PBXBuildFile; fileRef = 0224375C1D245F6700960BFF /* ReactiveReachability.swift */; };
		022437611D245F9B00960BFF /* Result.framework in Frameworks */ = {isa = PBXBuildFile; fileRef = 0224375F1D245F9B00960BFF /* Result.framework */; };
		0252522B1D6CD5C000A09322 /* ReactiveSwift.framework in Frameworks */ = {isa = PBXBuildFile; fileRef = 0252522A1D6CD5C000A09322 /* ReactiveSwift.framework */; };
		0252522C1D6CD6F800A09322 /* ReactiveSwift.framework in Frameworks */ = {isa = PBXBuildFile; fileRef = 0252522A1D6CD5C000A09322 /* ReactiveSwift.framework */; };
		0284A68B1D41EB2600056E24 /* Reachability.framework in Frameworks */ = {isa = PBXBuildFile; fileRef = 02E760CC1D2467EF0035F8AD /* Reachability.framework */; };
		0284A68D1D41EB2600056E24 /* Result.framework in Frameworks */ = {isa = PBXBuildFile; fileRef = 0224375F1D245F9B00960BFF /* Result.framework */; };
		0295E3E81D5A5955002A1ECD /* Reachability.framework in Frameworks */ = {isa = PBXBuildFile; fileRef = 02E760CC1D2467EF0035F8AD /* Reachability.framework */; };
		0295E3EA1D5A5955002A1ECD /* Result.framework in Frameworks */ = {isa = PBXBuildFile; fileRef = 0224375F1D245F9B00960BFF /* Result.framework */; };
		0295E3EE1D5A5A2D002A1ECD /* ReactiveReachability.framework in Embed Frameworks */ = {isa = PBXBuildFile; fileRef = 0224373E1D245F4500960BFF /* ReactiveReachability.framework */; settings = {ATTRIBUTES = (CodeSignOnCopy, RemoveHeadersOnCopy, ); }; };
		02E760CD1D2467EF0035F8AD /* Reachability.framework in Frameworks */ = {isa = PBXBuildFile; fileRef = 02E760CC1D2467EF0035F8AD /* Reachability.framework */; };
		02F116EE1D5A58B400DA4E81 /* AppDelegate.swift in Sources */ = {isa = PBXBuildFile; fileRef = 02F116ED1D5A58B400DA4E81 /* AppDelegate.swift */; };
		02F116F01D5A58B400DA4E81 /* ViewController.swift in Sources */ = {isa = PBXBuildFile; fileRef = 02F116EF1D5A58B400DA4E81 /* ViewController.swift */; };
		02F116F31D5A58B400DA4E81 /* Main.storyboard in Resources */ = {isa = PBXBuildFile; fileRef = 02F116F11D5A58B400DA4E81 /* Main.storyboard */; };
		02F116F51D5A58B400DA4E81 /* Assets.xcassets in Resources */ = {isa = PBXBuildFile; fileRef = 02F116F41D5A58B400DA4E81 /* Assets.xcassets */; };
		02F116F81D5A58B400DA4E81 /* LaunchScreen.storyboard in Resources */ = {isa = PBXBuildFile; fileRef = 02F116F61D5A58B400DA4E81 /* LaunchScreen.storyboard */; };
/* End PBXBuildFile section */

/* Begin PBXContainerItemProxy section */
		0224374A1D245F4500960BFF /* PBXContainerItemProxy */ = {
			isa = PBXContainerItemProxy;
			containerPortal = 022437351D245F4500960BFF /* Project object */;
			proxyType = 1;
			remoteGlobalIDString = 0224373D1D245F4500960BFF;
			remoteInfo = ReactiveReachability;
		};
		0295E3EF1D5A5A2D002A1ECD /* PBXContainerItemProxy */ = {
			isa = PBXContainerItemProxy;
			containerPortal = 022437351D245F4500960BFF /* Project object */;
			proxyType = 1;
			remoteGlobalIDString = 0224373D1D245F4500960BFF;
			remoteInfo = ReactiveReachability;
		};
/* End PBXContainerItemProxy section */

/* Begin PBXCopyFilesBuildPhase section */
		0295E3F11D5A5A2D002A1ECD /* Embed Frameworks */ = {
			isa = PBXCopyFilesBuildPhase;
			buildActionMask = 2147483647;
			dstPath = "";
			dstSubfolderSpec = 10;
			files = (
				0295E3EE1D5A5A2D002A1ECD /* ReactiveReachability.framework in Embed Frameworks */,
			);
			name = "Embed Frameworks";
			runOnlyForDeploymentPostprocessing = 0;
		};
/* End PBXCopyFilesBuildPhase section */

/* Begin PBXFileReference section */
		0224373E1D245F4500960BFF /* ReactiveReachability.framework */ = {isa = PBXFileReference; explicitFileType = wrapper.framework; includeInIndex = 0; path = ReactiveReachability.framework; sourceTree = BUILT_PRODUCTS_DIR; };
		022437411D245F4500960BFF /* ReactiveReachability.h */ = {isa = PBXFileReference; lastKnownFileType = sourcecode.c.h; path = ReactiveReachability.h; sourceTree = "<group>"; };
		022437431D245F4500960BFF /* Info.plist */ = {isa = PBXFileReference; lastKnownFileType = text.plist.xml; path = Info.plist; sourceTree = "<group>"; };
		022437481D245F4500960BFF /* ReactiveReachabilityTests.xctest */ = {isa = PBXFileReference; explicitFileType = wrapper.cfbundle; includeInIndex = 0; path = ReactiveReachabilityTests.xctest; sourceTree = BUILT_PRODUCTS_DIR; };
		0224374D1D245F4500960BFF /* ReactiveReachabilityTests.swift */ = {isa = PBXFileReference; lastKnownFileType = sourcecode.swift; path = ReactiveReachabilityTests.swift; sourceTree = "<group>"; };
		0224374F1D245F4500960BFF /* Info.plist */ = {isa = PBXFileReference; lastKnownFileType = text.plist.xml; path = Info.plist; sourceTree = "<group>"; };
		0224375A1D245F5600960BFF /* Cartfile */ = {isa = PBXFileReference; fileEncoding = 4; lastKnownFileType = text; path = Cartfile; sourceTree = "<group>"; };
		0224375C1D245F6700960BFF /* ReactiveReachability.swift */ = {isa = PBXFileReference; fileEncoding = 4; lastKnownFileType = sourcecode.swift; path = ReactiveReachability.swift; sourceTree = "<group>"; };
		0224375F1D245F9B00960BFF /* Result.framework */ = {isa = PBXFileReference; lastKnownFileType = wrapper.framework; name = Result.framework; path = Carthage/Build/iOS/Result.framework; sourceTree = "<group>"; };
		0252522A1D6CD5C000A09322 /* ReactiveSwift.framework */ = {isa = PBXFileReference; lastKnownFileType = wrapper.framework; name = ReactiveSwift.framework; path = Carthage/Build/iOS/ReactiveSwift.framework; sourceTree = "<group>"; };
		02E760CC1D2467EF0035F8AD /* Reachability.framework */ = {isa = PBXFileReference; lastKnownFileType = wrapper.framework; name = Reachability.framework; path = Carthage/Build/iOS/Reachability.framework; sourceTree = "<group>"; };
		02F116EB1D5A58B400DA4E81 /* Sample App.app */ = {isa = PBXFileReference; explicitFileType = wrapper.application; includeInIndex = 0; path = "Sample App.app"; sourceTree = BUILT_PRODUCTS_DIR; };
		02F116ED1D5A58B400DA4E81 /* AppDelegate.swift */ = {isa = PBXFileReference; lastKnownFileType = sourcecode.swift; path = AppDelegate.swift; sourceTree = "<group>"; };
		02F116EF1D5A58B400DA4E81 /* ViewController.swift */ = {isa = PBXFileReference; lastKnownFileType = sourcecode.swift; path = ViewController.swift; sourceTree = "<group>"; };
		02F116F21D5A58B400DA4E81 /* Base */ = {isa = PBXFileReference; lastKnownFileType = file.storyboard; name = Base; path = Base.lproj/Main.storyboard; sourceTree = "<group>"; };
		02F116F41D5A58B400DA4E81 /* Assets.xcassets */ = {isa = PBXFileReference; lastKnownFileType = folder.assetcatalog; path = Assets.xcassets; sourceTree = "<group>"; };
		02F116F71D5A58B400DA4E81 /* Base */ = {isa = PBXFileReference; lastKnownFileType = file.storyboard; name = Base; path = Base.lproj/LaunchScreen.storyboard; sourceTree = "<group>"; };
		02F116F91D5A58B400DA4E81 /* Info.plist */ = {isa = PBXFileReference; lastKnownFileType = text.plist.xml; path = Info.plist; sourceTree = "<group>"; };
/* End PBXFileReference section */

/* Begin PBXFrameworksBuildPhase section */
		0224373A1D245F4500960BFF /* Frameworks */ = {
			isa = PBXFrameworksBuildPhase;
			buildActionMask = 2147483647;
			files = (
				0252522B1D6CD5C000A09322 /* ReactiveSwift.framework in Frameworks */,
				02E760CD1D2467EF0035F8AD /* Reachability.framework in Frameworks */,
				022437611D245F9B00960BFF /* Result.framework in Frameworks */,
			);
			runOnlyForDeploymentPostprocessing = 0;
		};
		022437451D245F4500960BFF /* Frameworks */ = {
			isa = PBXFrameworksBuildPhase;
			buildActionMask = 2147483647;
			files = (
				0284A68B1D41EB2600056E24 /* Reachability.framework in Frameworks */,
				0284A68D1D41EB2600056E24 /* Result.framework in Frameworks */,
				022437491D245F4500960BFF /* ReactiveReachability.framework in Frameworks */,
			);
			runOnlyForDeploymentPostprocessing = 0;
		};
		02F116E81D5A58B400DA4E81 /* Frameworks */ = {
			isa = PBXFrameworksBuildPhase;
			buildActionMask = 2147483647;
			files = (
				0252522C1D6CD6F800A09322 /* ReactiveSwift.framework in Frameworks */,
				0295E3E81D5A5955002A1ECD /* Reachability.framework in Frameworks */,
				0295E3EA1D5A5955002A1ECD /* Result.framework in Frameworks */,
			);
			runOnlyForDeploymentPostprocessing = 0;
		};
/* End PBXFrameworksBuildPhase section */

/* Begin PBXGroup section */
		022437341D245F4500960BFF = {
			isa = PBXGroup;
			children = (
				0224375A1D245F5600960BFF /* Cartfile */,
				022437401D245F4500960BFF /* ReactiveReachability */,
				0224374C1D245F4500960BFF /* ReactiveReachabilityTests */,
				02F116EC1D5A58B400DA4E81 /* Sample App */,
				0224373F1D245F4500960BFF /* Products */,
				025252291D6CD5C000A09322 /* Frameworks */,
			);
			sourceTree = "<group>";
		};
		0224373F1D245F4500960BFF /* Products */ = {
			isa = PBXGroup;
			children = (
				0224373E1D245F4500960BFF /* ReactiveReachability.framework */,
				022437481D245F4500960BFF /* ReactiveReachabilityTests.xctest */,
				02F116EB1D5A58B400DA4E81 /* Sample App.app */,
			);
			name = Products;
			sourceTree = "<group>";
		};
		022437401D245F4500960BFF /* ReactiveReachability */ = {
			isa = PBXGroup;
			children = (
				022437411D245F4500960BFF /* ReactiveReachability.h */,
				0224375C1D245F6700960BFF /* ReactiveReachability.swift */,
				022437431D245F4500960BFF /* Info.plist */,
			);
			path = ReactiveReachability;
			sourceTree = "<group>";
		};
		0224374C1D245F4500960BFF /* ReactiveReachabilityTests */ = {
			isa = PBXGroup;
			children = (
				0224374D1D245F4500960BFF /* ReactiveReachabilityTests.swift */,
				0224374F1D245F4500960BFF /* Info.plist */,
			);
			path = ReactiveReachabilityTests;
			sourceTree = "<group>";
		};
		025252291D6CD5C000A09322 /* Frameworks */ = {
			isa = PBXGroup;
			children = (
				02E760CC1D2467EF0035F8AD /* Reachability.framework */,
				0224375F1D245F9B00960BFF /* Result.framework */,
				0252522A1D6CD5C000A09322 /* ReactiveSwift.framework */,
			);
			name = Frameworks;
			sourceTree = "<group>";
		};
		02F116EC1D5A58B400DA4E81 /* Sample App */ = {
			isa = PBXGroup;
			children = (
				02F116ED1D5A58B400DA4E81 /* AppDelegate.swift */,
				02F116EF1D5A58B400DA4E81 /* ViewController.swift */,
				02F116F11D5A58B400DA4E81 /* Main.storyboard */,
				02F116F41D5A58B400DA4E81 /* Assets.xcassets */,
				02F116F61D5A58B400DA4E81 /* LaunchScreen.storyboard */,
				02F116F91D5A58B400DA4E81 /* Info.plist */,
			);
			path = "Sample App";
			sourceTree = "<group>";
		};
/* End PBXGroup section */

/* Begin PBXHeadersBuildPhase section */
		0224373B1D245F4500960BFF /* Headers */ = {
			isa = PBXHeadersBuildPhase;
			buildActionMask = 2147483647;
			files = (
				022437421D245F4500960BFF /* ReactiveReachability.h in Headers */,
			);
			runOnlyForDeploymentPostprocessing = 0;
		};
/* End PBXHeadersBuildPhase section */

/* Begin PBXNativeTarget section */
		0224373D1D245F4500960BFF /* ReactiveReachability */ = {
			isa = PBXNativeTarget;
			buildConfigurationList = 022437521D245F4500960BFF /* Build configuration list for PBXNativeTarget "ReactiveReachability" */;
			buildPhases = (
				022437391D245F4500960BFF /* Sources */,
				0224373A1D245F4500960BFF /* Frameworks */,
				0224373B1D245F4500960BFF /* Headers */,
				0224373C1D245F4500960BFF /* Resources */,
			);
			buildRules = (
			);
			dependencies = (
			);
			name = ReactiveReachability;
			productName = ReactiveReachability;
			productReference = 0224373E1D245F4500960BFF /* ReactiveReachability.framework */;
			productType = "com.apple.product-type.framework";
		};
		022437471D245F4500960BFF /* ReactiveReachabilityTests */ = {
			isa = PBXNativeTarget;
			buildConfigurationList = 022437551D245F4500960BFF /* Build configuration list for PBXNativeTarget "ReactiveReachabilityTests" */;
			buildPhases = (
				022437441D245F4500960BFF /* Sources */,
				022437451D245F4500960BFF /* Frameworks */,
				022437461D245F4500960BFF /* Resources */,
				0284A68E1D41EB2F00056E24 /* ShellScript */,
			);
			buildRules = (
			);
			dependencies = (
				0224374B1D245F4500960BFF /* PBXTargetDependency */,
			);
			name = ReactiveReachabilityTests;
			productName = ReactiveReachabilityTests;
			productReference = 022437481D245F4500960BFF /* ReactiveReachabilityTests.xctest */;
			productType = "com.apple.product-type.bundle.unit-test";
		};
		02F116EA1D5A58B400DA4E81 /* Sample App */ = {
			isa = PBXNativeTarget;
			buildConfigurationList = 02F117091D5A58B400DA4E81 /* Build configuration list for PBXNativeTarget "Sample App" */;
			buildPhases = (
				02F116E71D5A58B400DA4E81 /* Sources */,
				02F116E81D5A58B400DA4E81 /* Frameworks */,
				02F116E91D5A58B400DA4E81 /* Resources */,
				0295E3EC1D5A59B4002A1ECD /* ShellScript */,
				0295E3F11D5A5A2D002A1ECD /* Embed Frameworks */,
			);
			buildRules = (
			);
			dependencies = (
				0295E3F01D5A5A2D002A1ECD /* PBXTargetDependency */,
			);
			name = "Sample App";
			productName = "Sample App";
			productReference = 02F116EB1D5A58B400DA4E81 /* Sample App.app */;
			productType = "com.apple.product-type.application";
		};
/* End PBXNativeTarget section */

/* Begin PBXProject section */
		022437351D245F4500960BFF /* Project object */ = {
			isa = PBXProject;
			attributes = {
				LastSwiftUpdateCheck = 0730;
				LastUpgradeCheck = 0800;
				ORGANIZATIONNAME = "Miles Hollingsworth";
				TargetAttributes = {
					0224373D1D245F4500960BFF = {
						CreatedOnToolsVersion = 7.3.1;
						LastSwiftMigration = 0810;
					};
					022437471D245F4500960BFF = {
						CreatedOnToolsVersion = 7.3.1;
						DevelopmentTeam = 7XLNECBC46;
						LastSwiftMigration = 0810;
					};
					02F116EA1D5A58B400DA4E81 = {
						CreatedOnToolsVersion = 7.3.1;
						DevelopmentTeam = 7XLNECBC46;
						LastSwiftMigration = 0810;
					};
				};
			};
			buildConfigurationList = 022437381D245F4500960BFF /* Build configuration list for PBXProject "ReactiveReachability" */;
			compatibilityVersion = "Xcode 3.2";
			developmentRegion = English;
			hasScannedForEncodings = 0;
			knownRegions = (
				en,
				Base,
			);
			mainGroup = 022437341D245F4500960BFF;
			productRefGroup = 0224373F1D245F4500960BFF /* Products */;
			projectDirPath = "";
			projectRoot = "";
			targets = (
				0224373D1D245F4500960BFF /* ReactiveReachability */,
				022437471D245F4500960BFF /* ReactiveReachabilityTests */,
				02F116EA1D5A58B400DA4E81 /* Sample App */,
			);
		};
/* End PBXProject section */

/* Begin PBXResourcesBuildPhase section */
		0224373C1D245F4500960BFF /* Resources */ = {
			isa = PBXResourcesBuildPhase;
			buildActionMask = 2147483647;
			files = (
				0224375B1D245F5600960BFF /* Cartfile in Resources */,
			);
			runOnlyForDeploymentPostprocessing = 0;
		};
		022437461D245F4500960BFF /* Resources */ = {
			isa = PBXResourcesBuildPhase;
			buildActionMask = 2147483647;
			files = (
			);
			runOnlyForDeploymentPostprocessing = 0;
		};
		02F116E91D5A58B400DA4E81 /* Resources */ = {
			isa = PBXResourcesBuildPhase;
			buildActionMask = 2147483647;
			files = (
				02F116F81D5A58B400DA4E81 /* LaunchScreen.storyboard in Resources */,
				02F116F51D5A58B400DA4E81 /* Assets.xcassets in Resources */,
				02F116F31D5A58B400DA4E81 /* Main.storyboard in Resources */,
			);
			runOnlyForDeploymentPostprocessing = 0;
		};
/* End PBXResourcesBuildPhase section */

/* Begin PBXShellScriptBuildPhase section */
		0284A68E1D41EB2F00056E24 /* ShellScript */ = {
			isa = PBXShellScriptBuildPhase;
			buildActionMask = 2147483647;
			files = (
			);
			inputPaths = (
				"$(SRCROOT)/Carthage/Build/iOS/Result.framework",
				"$(SRCROOT)/Carthage/Build/iOS/Reachability.framework",
				"$(SRCROOT)/Carthage/Build/iOS/ReactiveSwift.framework",
			);
			outputPaths = (
			);
			runOnlyForDeploymentPostprocessing = 0;
			shellPath = /bin/sh;
			shellScript = "/usr/local/bin/carthage copy-frameworks";
		};
		0295E3EC1D5A59B4002A1ECD /* ShellScript */ = {
			isa = PBXShellScriptBuildPhase;
			buildActionMask = 2147483647;
			files = (
			);
			inputPaths = (
				"$(SRCROOT)/Carthage/Build/iOS/Result.framework",
				"$(SRCROOT)/Carthage/Build/iOS/Reachability.framework",
				"$(SRCROOT)/Carthage/Build/iOS/ReactiveSwift.framework",
			);
			outputPaths = (
			);
			runOnlyForDeploymentPostprocessing = 0;
			shellPath = /bin/sh;
			shellScript = "/usr/local/bin/carthage copy-frameworks";
		};
/* End PBXShellScriptBuildPhase section */

/* Begin PBXSourcesBuildPhase section */
		022437391D245F4500960BFF /* Sources */ = {
			isa = PBXSourcesBuildPhase;
			buildActionMask = 2147483647;
			files = (
				0224375D1D245F6700960BFF /* ReactiveReachability.swift in Sources */,
			);
			runOnlyForDeploymentPostprocessing = 0;
		};
		022437441D245F4500960BFF /* Sources */ = {
			isa = PBXSourcesBuildPhase;
			buildActionMask = 2147483647;
			files = (
				0224374E1D245F4500960BFF /* ReactiveReachabilityTests.swift in Sources */,
			);
			runOnlyForDeploymentPostprocessing = 0;
		};
		02F116E71D5A58B400DA4E81 /* Sources */ = {
			isa = PBXSourcesBuildPhase;
			buildActionMask = 2147483647;
			files = (
				02F116F01D5A58B400DA4E81 /* ViewController.swift in Sources */,
				02F116EE1D5A58B400DA4E81 /* AppDelegate.swift in Sources */,
			);
			runOnlyForDeploymentPostprocessing = 0;
		};
/* End PBXSourcesBuildPhase section */

/* Begin PBXTargetDependency section */
		0224374B1D245F4500960BFF /* PBXTargetDependency */ = {
			isa = PBXTargetDependency;
			target = 0224373D1D245F4500960BFF /* ReactiveReachability */;
			targetProxy = 0224374A1D245F4500960BFF /* PBXContainerItemProxy */;
		};
		0295E3F01D5A5A2D002A1ECD /* PBXTargetDependency */ = {
			isa = PBXTargetDependency;
			target = 0224373D1D245F4500960BFF /* ReactiveReachability */;
			targetProxy = 0295E3EF1D5A5A2D002A1ECD /* PBXContainerItemProxy */;
		};
/* End PBXTargetDependency section */

/* Begin PBXVariantGroup section */
		02F116F11D5A58B400DA4E81 /* Main.storyboard */ = {
			isa = PBXVariantGroup;
			children = (
				02F116F21D5A58B400DA4E81 /* Base */,
			);
			name = Main.storyboard;
			sourceTree = "<group>";
		};
		02F116F61D5A58B400DA4E81 /* LaunchScreen.storyboard */ = {
			isa = PBXVariantGroup;
			children = (
				02F116F71D5A58B400DA4E81 /* Base */,
			);
			name = LaunchScreen.storyboard;
			sourceTree = "<group>";
		};
/* End PBXVariantGroup section */

/* Begin XCBuildConfiguration section */
		022437501D245F4500960BFF /* Debug */ = {
			isa = XCBuildConfiguration;
			buildSettings = {
				ALWAYS_SEARCH_USER_PATHS = NO;
				APPLICATION_EXTENSION_API_ONLY = YES;
				CLANG_ANALYZER_NONNULL = YES;
				CLANG_CXX_LANGUAGE_STANDARD = "gnu++0x";
				CLANG_CXX_LIBRARY = "libc++";
				CLANG_ENABLE_MODULES = YES;
				CLANG_ENABLE_OBJC_ARC = YES;
				CLANG_WARN_BOOL_CONVERSION = YES;
				CLANG_WARN_CONSTANT_CONVERSION = YES;
				CLANG_WARN_DIRECT_OBJC_ISA_USAGE = YES_ERROR;
				CLANG_WARN_EMPTY_BODY = YES;
				CLANG_WARN_ENUM_CONVERSION = YES;
				CLANG_WARN_INFINITE_RECURSION = YES;
				CLANG_WARN_INT_CONVERSION = YES;
				CLANG_WARN_OBJC_ROOT_CLASS = YES_ERROR;
				CLANG_WARN_SUSPICIOUS_MOVE = YES;
				CLANG_WARN_UNREACHABLE_CODE = YES;
				CLANG_WARN__DUPLICATE_METHOD_MATCH = YES;
				"CODE_SIGN_IDENTITY[sdk=iphoneos*]" = "iPhone Developer";
				COPY_PHASE_STRIP = NO;
				CURRENT_PROJECT_VERSION = 1;
				DEBUG_INFORMATION_FORMAT = dwarf;
				ENABLE_STRICT_OBJC_MSGSEND = YES;
				ENABLE_TESTABILITY = YES;
				GCC_C_LANGUAGE_STANDARD = gnu99;
				GCC_DYNAMIC_NO_PIC = NO;
				GCC_NO_COMMON_BLOCKS = YES;
				GCC_OPTIMIZATION_LEVEL = 0;
				GCC_PREPROCESSOR_DEFINITIONS = (
					"DEBUG=1",
					"$(inherited)",
				);
				GCC_WARN_64_TO_32_BIT_CONVERSION = YES;
				GCC_WARN_ABOUT_RETURN_TYPE = YES_ERROR;
				GCC_WARN_UNDECLARED_SELECTOR = YES;
				GCC_WARN_UNINITIALIZED_AUTOS = YES_AGGRESSIVE;
				GCC_WARN_UNUSED_FUNCTION = YES;
				GCC_WARN_UNUSED_VARIABLE = YES;
				IPHONEOS_DEPLOYMENT_TARGET = 9.0;
				MTL_ENABLE_DEBUG_INFO = YES;
				ONLY_ACTIVE_ARCH = YES;
				SDKROOT = iphoneos;
				SWIFT_OPTIMIZATION_LEVEL = "-Onone";
				TARGETED_DEVICE_FAMILY = "1,2";
				VERSIONING_SYSTEM = "apple-generic";
				VERSION_INFO_PREFIX = "";
			};
			name = Debug;
		};
		022437511D245F4500960BFF /* Release */ = {
			isa = XCBuildConfiguration;
			buildSettings = {
				ALWAYS_SEARCH_USER_PATHS = NO;
				APPLICATION_EXTENSION_API_ONLY = YES;
				CLANG_ANALYZER_NONNULL = YES;
				CLANG_CXX_LANGUAGE_STANDARD = "gnu++0x";
				CLANG_CXX_LIBRARY = "libc++";
				CLANG_ENABLE_MODULES = YES;
				CLANG_ENABLE_OBJC_ARC = YES;
				CLANG_WARN_BOOL_CONVERSION = YES;
				CLANG_WARN_CONSTANT_CONVERSION = YES;
				CLANG_WARN_DIRECT_OBJC_ISA_USAGE = YES_ERROR;
				CLANG_WARN_EMPTY_BODY = YES;
				CLANG_WARN_ENUM_CONVERSION = YES;
				CLANG_WARN_INFINITE_RECURSION = YES;
				CLANG_WARN_INT_CONVERSION = YES;
				CLANG_WARN_OBJC_ROOT_CLASS = YES_ERROR;
				CLANG_WARN_SUSPICIOUS_MOVE = YES;
				CLANG_WARN_UNREACHABLE_CODE = YES;
				CLANG_WARN__DUPLICATE_METHOD_MATCH = YES;
				"CODE_SIGN_IDENTITY[sdk=iphoneos*]" = "iPhone Developer";
				COPY_PHASE_STRIP = NO;
				CURRENT_PROJECT_VERSION = 1;
				DEBUG_INFORMATION_FORMAT = "dwarf-with-dsym";
				ENABLE_NS_ASSERTIONS = NO;
				ENABLE_STRICT_OBJC_MSGSEND = YES;
				GCC_C_LANGUAGE_STANDARD = gnu99;
				GCC_NO_COMMON_BLOCKS = YES;
				GCC_WARN_64_TO_32_BIT_CONVERSION = YES;
				GCC_WARN_ABOUT_RETURN_TYPE = YES_ERROR;
				GCC_WARN_UNDECLARED_SELECTOR = YES;
				GCC_WARN_UNINITIALIZED_AUTOS = YES_AGGRESSIVE;
				GCC_WARN_UNUSED_FUNCTION = YES;
				GCC_WARN_UNUSED_VARIABLE = YES;
				IPHONEOS_DEPLOYMENT_TARGET = 9.0;
				MTL_ENABLE_DEBUG_INFO = NO;
				SDKROOT = iphoneos;
				SWIFT_OPTIMIZATION_LEVEL = "-Owholemodule";
				TARGETED_DEVICE_FAMILY = "1,2";
				VALIDATE_PRODUCT = YES;
				VERSIONING_SYSTEM = "apple-generic";
				VERSION_INFO_PREFIX = "";
			};
			name = Release;
		};
		022437531D245F4500960BFF /* Debug */ = {
			isa = XCBuildConfiguration;
			buildSettings = {
				CLANG_ENABLE_MODULES = YES;
				"CODE_SIGN_IDENTITY[sdk=iphoneos*]" = "";
				DEFINES_MODULE = YES;
				DYLIB_COMPATIBILITY_VERSION = 1;
				DYLIB_CURRENT_VERSION = 1;
				DYLIB_INSTALL_NAME_BASE = "@rpath";
				FRAMEWORK_SEARCH_PATHS = (
					"$(inherited)",
					"$(PROJECT_DIR)/Carthage/Build/iOS",
				);
				INFOPLIST_FILE = ReactiveReachability/Info.plist;
				INSTALL_PATH = "$(LOCAL_LIBRARY_DIR)/Frameworks";
				LD_RUNPATH_SEARCH_PATHS = "$(inherited) @executable_path/Frameworks @loader_path/Frameworks";
				PRODUCT_BUNDLE_IDENTIFIER = com.hollylabs.ReactiveReachability;
				PRODUCT_NAME = "$(TARGET_NAME)";
				SKIP_INSTALL = YES;
				SWIFT_OPTIMIZATION_LEVEL = "-Onone";
				SWIFT_VERSION = 3.0;
			};
			name = Debug;
		};
		022437541D245F4500960BFF /* Release */ = {
			isa = XCBuildConfiguration;
			buildSettings = {
				CLANG_ENABLE_MODULES = YES;
				"CODE_SIGN_IDENTITY[sdk=iphoneos*]" = "";
				DEFINES_MODULE = YES;
				DYLIB_COMPATIBILITY_VERSION = 1;
				DYLIB_CURRENT_VERSION = 1;
				DYLIB_INSTALL_NAME_BASE = "@rpath";
				FRAMEWORK_SEARCH_PATHS = (
					"$(inherited)",
					"$(PROJECT_DIR)/Carthage/Build/iOS",
				);
				INFOPLIST_FILE = ReactiveReachability/Info.plist;
				INSTALL_PATH = "$(LOCAL_LIBRARY_DIR)/Frameworks";
				LD_RUNPATH_SEARCH_PATHS = "$(inherited) @executable_path/Frameworks @loader_path/Frameworks";
				PRODUCT_BUNDLE_IDENTIFIER = com.hollylabs.ReactiveReachability;
				PRODUCT_NAME = "$(TARGET_NAME)";
				SKIP_INSTALL = YES;
				SWIFT_VERSION = 3.0;
			};
			name = Release;
		};
		022437561D245F4500960BFF /* Debug */ = {
			isa = XCBuildConfiguration;
			buildSettings = {
				DEVELOPMENT_TEAM = 7XLNECBC46;
				FRAMEWORK_SEARCH_PATHS = (
					"$(inherited)",
					"$(PROJECT_DIR)/Carthage/Build/iOS",
				);
				INFOPLIST_FILE = ReactiveReachabilityTests/Info.plist;
				LD_RUNPATH_SEARCH_PATHS = "$(inherited) @executable_path/Frameworks @loader_path/Frameworks";
				PRODUCT_BUNDLE_IDENTIFIER = com.hollylabs.ReactiveReachabilityTests;
				PRODUCT_NAME = "$(TARGET_NAME)";
				SWIFT_VERSION = 3.0;
			};
			name = Debug;
		};
		022437571D245F4500960BFF /* Release */ = {
			isa = XCBuildConfiguration;
			buildSettings = {
				DEVELOPMENT_TEAM = 7XLNECBC46;
				FRAMEWORK_SEARCH_PATHS = (
					"$(inherited)",
					"$(PROJECT_DIR)/Carthage/Build/iOS",
				);
				INFOPLIST_FILE = ReactiveReachabilityTests/Info.plist;
				LD_RUNPATH_SEARCH_PATHS = "$(inherited) @executable_path/Frameworks @loader_path/Frameworks";
				PRODUCT_BUNDLE_IDENTIFIER = com.hollylabs.ReactiveReachabilityTests;
				PRODUCT_NAME = "$(TARGET_NAME)";
				SWIFT_VERSION = 3.0;
			};
			name = Release;
		};
		02F117051D5A58B400DA4E81 /* Debug */ = {
			isa = XCBuildConfiguration;
			buildSettings = {
				ALWAYS_EMBED_SWIFT_STANDARD_LIBRARIES = YES;
				ASSETCATALOG_COMPILER_APPICON_NAME = AppIcon;
				DEVELOPMENT_TEAM = 7XLNECBC46;
				FRAMEWORK_SEARCH_PATHS = (
					"$(inherited)",
					"$(PROJECT_DIR)/Carthage/Build/iOS",
				);
				INFOPLIST_FILE = "Sample App/Info.plist";
				IPHONEOS_DEPLOYMENT_TARGET = 9.3;
				LD_RUNPATH_SEARCH_PATHS = "$(inherited) @executable_path/Frameworks";
				PRODUCT_BUNDLE_IDENTIFIER = "com.hollylabs.Sample-App";
				PRODUCT_NAME = "$(TARGET_NAME)";
				SWIFT_VERSION = 3.0;
			};
			name = Debug;
		};
		02F117061D5A58B400DA4E81 /* Release */ = {
			isa = XCBuildConfiguration;
			buildSettings = {
				ALWAYS_EMBED_SWIFT_STANDARD_LIBRARIES = YES;
				ASSETCATALOG_COMPILER_APPICON_NAME = AppIcon;
				DEVELOPMENT_TEAM = 7XLNECBC46;
				FRAMEWORK_SEARCH_PATHS = (
					"$(inherited)",
					"$(PROJECT_DIR)/Carthage/Build/iOS",
				);
				INFOPLIST_FILE = "Sample App/Info.plist";
				IPHONEOS_DEPLOYMENT_TARGET = 9.3;
				LD_RUNPATH_SEARCH_PATHS = "$(inherited) @executable_path/Frameworks";
				PRODUCT_BUNDLE_IDENTIFIER = "com.hollylabs.Sample-App";
				PRODUCT_NAME = "$(TARGET_NAME)";
				SWIFT_VERSION = 3.0;
			};
			name = Release;
		};
/* End XCBuildConfiguration section */

/* Begin XCConfigurationList section */
		022437381D245F4500960BFF /* Build configuration list for PBXProject "ReactiveReachability" */ = {
			isa = XCConfigurationList;
			buildConfigurations = (
				022437501D245F4500960BFF /* Debug */,
				022437511D245F4500960BFF /* Release */,
			);
			defaultConfigurationIsVisible = 0;
			defaultConfigurationName = Release;
		};
		022437521D245F4500960BFF /* Build configuration list for PBXNativeTarget "ReactiveReachability" */ = {
			isa = XCConfigurationList;
			buildConfigurations = (
				022437531D245F4500960BFF /* Debug */,
				022437541D245F4500960BFF /* Release */,
			);
			defaultConfigurationIsVisible = 0;
			defaultConfigurationName = Release;
		};
		022437551D245F4500960BFF /* Build configuration list for PBXNativeTarget "ReactiveReachabilityTests" */ = {
			isa = XCConfigurationList;
			buildConfigurations = (
				022437561D245F4500960BFF /* Debug */,
				022437571D245F4500960BFF /* Release */,
			);
			defaultConfigurationIsVisible = 0;
			defaultConfigurationName = Release;
		};
		02F117091D5A58B400DA4E81 /* Build configuration list for PBXNativeTarget "Sample App" */ = {
			isa = XCConfigurationList;
			buildConfigurations = (
				02F117051D5A58B400DA4E81 /* Debug */,
				02F117061D5A58B400DA4E81 /* Release */,
			);
			defaultConfigurationIsVisible = 0;
			defaultConfigurationName = Release;
		};
/* End XCConfigurationList section */
	};
	rootObject = 022437351D245F4500960BFF /* Project object */;
}
